
Microsoft Visual Studio Solution File, Format Version 12.00
# Visual Studio Version 17
VisualStudioVersion = 17.8.34511.84
MinimumVisualStudioVersion = 10.0.40219.1
Project("{FAE04EC0-301F-11D3-BF4B-00C04F79EFBC}") = "Daz Content Installer V0.1", "Daz Content Installer V0.1\Daz Content Installer V0.1.csproj", "{808867E6-430D-45DA-AA3F-8AD4780BB6BB}"
EndProject
Global
	GlobalSection(SolutionConfigurationPlatforms) = preSolution
		Debug|Any CPU = Debug|Any CPU
		Release|Any CPU = Release|Any CPU
	EndGlobalSection
	GlobalSection(ProjectConfigurationPlatforms) = postSolution
		{808867E6-430D-45DA-AA3F-8AD4780BB6BB}.Debug|Any CPU.ActiveCfg = Debug|Any CPU
		{808867E6-430D-45DA-AA3F-8AD4780BB6BB}.Debug|Any CPU.Build.0 = Debug|Any CPU
		{808867E6-430D-45DA-AA3F-8AD4780BB6BB}.Release|Any CPU.ActiveCfg = Release|Any CPU
		{808867E6-430D-45DA-AA3F-8AD4780BB6BB}.Release|Any CPU.Build.0 = Release|Any CPU
	EndGlobalSection
	GlobalSection(SolutionProperties) = preSolution
		HideSolutionNode = FALSE
	EndGlobalSection
	GlobalSection(ExtensibilityGlobals) = postSolution
		SolutionGuid = {D86378E7-9B47-49F5-B719-068DB245C25F}
	EndGlobalSection
EndGlobal
